
Microsoft Visual Studio Solution File, Format Version 12.00
Project("{8BC9CEB8-8B4A-11D0-8D11-00A0C91BC942}") = "NKW2", "NKW2.vcxproj", "{2880CD12-9709-4E6C-8342-25AED2650A3B}"
EndProject
Global
	GlobalSection(SolutionConfigurationPlatforms) = preSolution
		Debug|Win32 = Debug|Win32
		Debug|x64 = Debug|x64
		Release|Win32 = Release|Win32
		Release|x64 = Release|x64
	EndGlobalSection
	GlobalSection(ProjectConfigurationPlatforms) = postSolution
		{2880CD12-9709-4E6C-8342-25AED2650A3B}.Debug|Win32.ActiveCfg = Debug|Win32
		{2880CD12-9709-4E6C-8342-25AED2650A3B}.Debug|Win32.Build.0 = Debug|Win32
		{2880CD12-9709-4E6C-8342-25AED2650A3B}.Debug|x64.ActiveCfg = Debug|x64
		{2880CD12-9709-4E6C-8342-25AED2650A3B}.Debug|x64.Build.0 = Debug|x64
		{2880CD12-9709-4E6C-8342-25AED2650A3B}.Release|Win32.ActiveCfg = Release|Win32
		{2880CD12-9709-4E6C-8342-25AED2650A3B}.Release|Win32.Build.0 = Release|Win32
		{2880CD12-9709-4E6C-8342-25AED2650A3B}.Release|x64.ActiveCfg = Release|x64
		{2880CD12-9709-4E6C-8342-25AED2650A3B}.Release|x64.Build.0 = Release|x64
	EndGlobalSection
EndGlobal
